<?xml version="1.0" encoding="utf-8"?>
<Project ToolsVersion="4.0" xmlns="http://schemas.microsoft.com/developer/msbuild/2003">
  <ItemGroup>
    <Filter Include="Source Files">
      <UniqueIdentifier>{4FC737F1-C7A5-4376-A066-2A32D752A2FF}</UniqueIdentifier>
      <Extensions>cpp;c;cc;cxx;def;odl;idl;hpj;bat;asm;asmx</Extensions>
    </Filter>
    <Filter Include="Source Files\utilities">
      <UniqueIdentifier>{48b05944-f114-4e91-b8e5-d3ca38447a6d}</UniqueIdentifier>
    </Filter>
    <Filter Include="Source Files\third-party">
      <UniqueIdentifier>{5a709e23-9252-4f65-8bc1-1f7b055662e3}</UniqueIdentifier>
    </Filter>
    <Filter Include="Source Files\fstd">
      <UniqueIdentifier>{0e99d103-0c9f-4bdb-b04d-ca60f812a034}</UniqueIdentifier>
    </Filter>
    <Filter Include="Source Files\fstd\memory">
      <UniqueIdentifier>{8b888506-8433-49d2-97f9-19de04d5ea3a}</UniqueIdentifier>
    </Filter>
    <Filter Include="Source Files\fstd\system">
      <UniqueIdentifier>{fee017ce-5e88-496a-a478-3ea7b79c5f17}</UniqueIdentifier>
    </Filter>
    <Filter Include="Source Files\fstd\os">
      <UniqueIdentifier>{e6b11f65-caed-4ed0-98da-87a19a959ffd}</UniqueIdentifier>
    </Filter>
    <Filter Include="Source Files\fstd\os\windows">
      <UniqueIdentifier>{64983b75-2bc3-4a61-85c9-b5faf9623677}</UniqueIdentifier>
    </Filter>
  </ItemGroup>
  <ItemGroup>
    <ClInclude Include="..\sources\utilities\string.hpp">
      <Filter>Source Files\utilities</Filter>
    </ClInclude>
    <ClInclude Include="..\sources\utilities\timer.hpp">
      <Filter>Source Files\utilities</Filter>
    </ClInclude>
    <ClInclude Include="..\sources\utilities\vector.hpp">
      <Filter>Source Files\utilities</Filter>
    </ClInclude>
    <ClInclude Include="..\sources\utilities\exit_scope.hpp">
      <Filter>Source Files\utilities</Filter>
    </ClInclude>
    <ClInclude Include="..\sources\utilities\file.hpp">
      <Filter>Source Files\utilities</Filter>
    </ClInclude>
    <ClInclude Include="..\sources\utilities\flags.hpp">
      <Filter>Source Files\utilities</Filter>
    </ClInclude>
    <ClInclude Include="..\sources\utilities\logger.hpp">
      <Filter>Source Files\utilities</Filter>
    </ClInclude>
    <ClInclude Include="..\sources\third-party\microsoft_craziness.h">
      <Filter>Source Files\third-party</Filter>
    </ClInclude>
    <ClInclude Include="..\sources\c_generator.hpp">
      <Filter>Source Files</Filter>
    </ClInclude>
    <ClInclude Include="..\sources\globals.hpp">
      <Filter>Source Files</Filter>
    </ClInclude>
    <ClInclude Include="..\sources\lexer.hpp">
      <Filter>Source Files</Filter>
    </ClInclude>
    <ClInclude Include="..\sources\macros.hpp">
      <Filter>Source Files</Filter>
    </ClInclude>
    <ClInclude Include="..\sources\native_generator.hpp">
      <Filter>Source Files</Filter>
    </ClInclude>
    <ClInclude Include="..\sources\parser.hpp">
      <Filter>Source Files</Filter>
    </ClInclude>
    <ClInclude Include="..\sources\platform.hpp">
      <Filter>Source Files</Filter>
    </ClInclude>
    <ClInclude Include="..\sources\third-party\magic_enum.hpp">
      <Filter>Source Files\third-party</Filter>
    </ClInclude>
    <ClInclude Include="..\sources\fstd\memory\bucket.hpp">
      <Filter>Source Files\fstd\memory</Filter>
    </ClInclude>
    <ClInclude Include="..\sources\fstd\memory\bucket_array.hpp">
      <Filter>Source Files\fstd\memory</Filter>
    </ClInclude>
    <ClInclude Include="..\sources\fstd\memory\string.hpp">
      <Filter>Source Files\fstd\memory</Filter>
    </ClInclude>
    <ClInclude Include="..\sources\fstd\memory\string_ref.hpp">
      <Filter>Source Files\fstd\memory</Filter>
    </ClInclude>
    <ClInclude Include="..\sources\fstd\system\file.hpp">
      <Filter>Source Files\fstd\system</Filter>
    </ClInclude>
    <ClInclude Include="..\sources\fstd\platform.hpp">
      <Filter>Source Files\fstd</Filter>
    </ClInclude>
    <ClInclude Include="..\sources\fstd\system\path.hpp">
      <Filter>Source Files\fstd\system</Filter>
    </ClInclude>
    <ClInclude Include="..\sources\fstd\system\allocator.hpp">
      <Filter>Source Files\fstd\system</Filter>
    </ClInclude>
    <ClInclude Include="..\sources\fstd\os\windows\console.hpp">
      <Filter>Source Files\fstd\os\windows</Filter>
    </ClInclude>
    <ClInclude Include="..\sources\fstd\system\stdio.hpp">
      <Filter>Source Files\fstd\system</Filter>
    </ClInclude>
  </ItemGroup>
  <ItemGroup>
    <ClCompile Include="..\sources\utilities\string.cpp">
      <Filter>Source Files\utilities</Filter>
    </ClCompile>
    <ClCompile Include="..\sources\utilities\logger.cpp">
      <Filter>Source Files\utilities</Filter>
    </ClCompile>
    <ClCompile Include="..\sources\c_generator.cpp">
      <Filter>Source Files</Filter>
    </ClCompile>
    <ClCompile Include="..\sources\globals.cpp">
      <Filter>Source Files</Filter>
    </ClCompile>
    <ClCompile Include="..\sources\lexer.cpp">
      <Filter>Source Files</Filter>
    </ClCompile>
    <ClCompile Include="..\sources\native_generator.cpp">
      <Filter>Source Files</Filter>
    </ClCompile>
    <ClCompile Include="..\sources\parser.cpp">
      <Filter>Source Files</Filter>
    </ClCompile>
    <ClCompile Include="..\sources\fstd\system\file.cpp">
      <Filter>Source Files\fstd\system</Filter>
    </ClCompile>
    <ClCompile Include="..\sources\utilities\_file.cpp">
      <Filter>Source Files\utilities</Filter>
    </ClCompile>
    <ClCompile Include="..\sources\fstd\system\path.cpp">
      <Filter>Source Files\fstd\system</Filter>
    </ClCompile>
    <ClCompile Include="..\sources\fstd\system\allocator.cpp">
      <Filter>Source Files\fstd\system</Filter>
    </ClCompile>
    <ClCompile Include="..\sources\fstd\os\windows\console.cpp">
      <Filter>Source Files\fstd\os\windows</Filter>
    </ClCompile>
    <ClCompile Include="..\sources\fstd\system\stdio.cpp">
      <Filter>Source Files\fstd\system</Filter>
    </ClCompile>
  </ItemGroup>
</Project>