<?xml version="1.0" encoding="utf-8"?>
<Project ToolsVersion="4.0" xmlns="http://schemas.microsoft.com/developer/msbuild/2003">
  <ItemGroup>
    <Filter Include="Source Files">
      <UniqueIdentifier>{4FC737F1-C7A5-4376-A066-2A32D752A2FF}</UniqueIdentifier>
      <Extensions>cpp;c;cc;cxx;def;odl;idl;hpj;bat;asm;asmx</Extensions>
    </Filter>
    <Filter Include="Source Files\third-party">
      <UniqueIdentifier>{5a709e23-9252-4f65-8bc1-1f7b055662e3}</UniqueIdentifier>
    </Filter>
    <Filter Include="Source Files\fstd">
      <UniqueIdentifier>{0e99d103-0c9f-4bdb-b04d-ca60f812a034}</UniqueIdentifier>
    </Filter>
    <Filter Include="Source Files\fstd\memory">
      <UniqueIdentifier>{8b888506-8433-49d2-97f9-19de04d5ea3a}</UniqueIdentifier>
    </Filter>
    <Filter Include="Source Files\fstd\system">
      <UniqueIdentifier>{fee017ce-5e88-496a-a478-3ea7b79c5f17}</UniqueIdentifier>
    </Filter>
    <Filter Include="Source Files\fstd\os">
      <UniqueIdentifier>{e6b11f65-caed-4ed0-98da-87a19a959ffd}</UniqueIdentifier>
    </Filter>
    <Filter Include="Source Files\fstd\os\windows">
      <UniqueIdentifier>{64983b75-2bc3-4a61-85c9-b5faf9623677}</UniqueIdentifier>
    </Filter>
    <Filter Include="Source Files\fstd\stream">
      <UniqueIdentifier>{f9f7bf4f-a246-49fc-a9b3-f77d577fa635}</UniqueIdentifier>
    </Filter>
    <Filter Include="Source Files\fstd\core">
      <UniqueIdentifier>{15969bb9-5b5a-49e9-aaee-e3e23a5cb027}</UniqueIdentifier>
    </Filter>
    <Filter Include="Source Files\fstd\language">
      <UniqueIdentifier>{324ac387-8e63-407e-9c81-7960b10990a9}</UniqueIdentifier>
    </Filter>
    <Filter Include="Source Files\lexer">
      <UniqueIdentifier>{8ebba8ea-28f9-4980-ac7f-83c6aeeae473}</UniqueIdentifier>
    </Filter>
    <Filter Include="Source Files\parser">
      <UniqueIdentifier>{541cff7c-2fcb-4d1d-a2bd-b8ec7d60d814}</UniqueIdentifier>
    </Filter>
    <Filter Include="Source Files\tests">
      <UniqueIdentifier>{f3bff053-5343-4809-b80f-1beb8e9908d7}</UniqueIdentifier>
    </Filter>
  </ItemGroup>
  <ItemGroup>
    <ClInclude Include="..\sources\third-party\microsoft_craziness.h">
      <Filter>Source Files\third-party</Filter>
    </ClInclude>
    <ClInclude Include="..\sources\globals.hpp">
      <Filter>Source Files</Filter>
    </ClInclude>
    <ClInclude Include="..\sources\macros.hpp">
      <Filter>Source Files</Filter>
    </ClInclude>
    <ClInclude Include="..\sources\native_generator.hpp">
      <Filter>Source Files</Filter>
    </ClInclude>
    <ClInclude Include="..\sources\third-party\magic_enum.hpp">
      <Filter>Source Files\third-party</Filter>
    </ClInclude>
    <ClInclude Include="..\sources\fstd\memory\bucket.hpp">
      <Filter>Source Files\fstd\memory</Filter>
    </ClInclude>
    <ClInclude Include="..\sources\fstd\memory\bucket_array.hpp">
      <Filter>Source Files\fstd\memory</Filter>
    </ClInclude>
    <ClInclude Include="..\sources\fstd\system\file.hpp">
      <Filter>Source Files\fstd\system</Filter>
    </ClInclude>
    <ClInclude Include="..\sources\fstd\platform.hpp">
      <Filter>Source Files\fstd</Filter>
    </ClInclude>
    <ClInclude Include="..\sources\fstd\system\path.hpp">
      <Filter>Source Files\fstd\system</Filter>
    </ClInclude>
    <ClInclude Include="..\sources\fstd\system\allocator.hpp">
      <Filter>Source Files\fstd\system</Filter>
    </ClInclude>
    <ClInclude Include="..\sources\fstd\os\windows\console.hpp">
      <Filter>Source Files\fstd\os\windows</Filter>
    </ClInclude>
    <ClInclude Include="..\sources\fstd\system\stdio.hpp">
      <Filter>Source Files\fstd\system</Filter>
    </ClInclude>
    <ClInclude Include="..\sources\fstd\memory\array.hpp">
      <Filter>Source Files\fstd\memory</Filter>
    </ClInclude>
    <ClInclude Include="..\sources\fstd\stream\memory_stream.hpp">
      <Filter>Source Files\fstd\stream</Filter>
    </ClInclude>
    <ClInclude Include="..\sources\fstd\core\logger.hpp">
      <Filter>Source Files\fstd\core</Filter>
    </ClInclude>
    <ClInclude Include="..\sources\fstd\language\defer.hpp">
      <Filter>Source Files\fstd\language</Filter>
    </ClInclude>
    <ClInclude Include="..\sources\fstd\language\flags.hpp">
      <Filter>Source Files\fstd\language</Filter>
    </ClInclude>
    <ClInclude Include="..\sources\fstd\system\timer.hpp">
      <Filter>Source Files\fstd\system</Filter>
    </ClInclude>
    <ClInclude Include="..\sources\fstd\language\string.hpp">
      <Filter>Source Files\fstd\language</Filter>
    </ClInclude>
    <ClInclude Include="..\sources\fstd\language\string_view.hpp">
      <Filter>Source Files\fstd\language</Filter>
    </ClInclude>
    <ClInclude Include="..\sources\fstd\core\string_builder.hpp">
      <Filter>Source Files\fstd\core</Filter>
    </ClInclude>
    <ClInclude Include="..\sources\fstd\language\intrinsic.hpp">
      <Filter>Source Files\fstd\language</Filter>
    </ClInclude>
    <ClInclude Include="..\sources\fstd\memory\hash_table.hpp">
      <Filter>Source Files\fstd\memory</Filter>
    </ClInclude>
    <ClInclude Include="..\sources\fstd\language\types.hpp">
      <Filter>Source Files\fstd\language</Filter>
    </ClInclude>
    <ClInclude Include="..\sources\fstd\core\assert.hpp">
      <Filter>Source Files\fstd\core</Filter>
    </ClInclude>
    <ClInclude Include="..\sources\lexer\lexer.hpp">
      <Filter>Source Files\lexer</Filter>
    </ClInclude>
    <ClInclude Include="..\sources\parser\parser.hpp">
      <Filter>Source Files\parser</Filter>
    </ClInclude>
    <ClInclude Include="..\sources\tests\tests.hpp">
      <Filter>Source Files\tests</Filter>
    </ClInclude>
    <ClInclude Include="..\sources\lexer\hash_table.hpp">
      <Filter>Source Files\lexer</Filter>
    </ClInclude>
    <ClInclude Include="..\sources\lexer\keyword_hash_table.hpp">
      <Filter>Source Files\lexer</Filter>
    </ClInclude>
    <ClInclude Include="..\sources\fstd\system\process.hpp">
      <Filter>Source Files\fstd\system</Filter>
    </ClInclude>
    <ClInclude Include="..\sources\fstd\core\unicode.hpp">
      <Filter>Source Files\fstd\core</Filter>
    </ClInclude>
  </ItemGroup>
  <ItemGroup>
    <ClCompile Include="..\sources\globals.cpp">
      <Filter>Source Files</Filter>
    </ClCompile>
    <ClCompile Include="..\sources\native_generator.cpp">
      <Filter>Source Files</Filter>
    </ClCompile>
    <ClCompile Include="..\sources\fstd\system\file.cpp">
      <Filter>Source Files\fstd\system</Filter>
    </ClCompile>
    <ClCompile Include="..\sources\fstd\system\path.cpp">
      <Filter>Source Files\fstd\system</Filter>
    </ClCompile>
    <ClCompile Include="..\sources\fstd\system\allocator.cpp">
      <Filter>Source Files\fstd\system</Filter>
    </ClCompile>
    <ClCompile Include="..\sources\fstd\os\windows\console.cpp">
      <Filter>Source Files\fstd\os\windows</Filter>
    </ClCompile>
    <ClCompile Include="..\sources\fstd\system\stdio.cpp">
      <Filter>Source Files\fstd\system</Filter>
    </ClCompile>
    <ClCompile Include="..\sources\fstd\stream\memory_stream.cpp">
      <Filter>Source Files\fstd\stream</Filter>
    </ClCompile>
    <ClCompile Include="..\sources\fstd\core\logger.cpp">
      <Filter>Source Files\fstd\core</Filter>
    </ClCompile>
    <ClCompile Include="..\sources\fstd\core\string_builder.cpp">
      <Filter>Source Files\fstd\core</Filter>
    </ClCompile>
    <ClCompile Include="..\sources\fstd\language\string.cpp">
      <Filter>Source Files\fstd\language</Filter>
    </ClCompile>
    <ClCompile Include="..\sources\fstd\core\assert.cpp">
      <Filter>Source Files\fstd\core</Filter>
    </ClCompile>
    <ClCompile Include="..\sources\lexer\lexer.cpp">
      <Filter>Source Files\lexer</Filter>
    </ClCompile>
    <ClCompile Include="..\sources\parser\parser.cpp">
      <Filter>Source Files\parser</Filter>
    </ClCompile>
    <ClCompile Include="..\sources\tests\tests.cpp">
      <Filter>Source Files\tests</Filter>
    </ClCompile>
    <ClCompile Include="..\sources\fstd\system\process.cpp">
      <Filter>Source Files\fstd\system</Filter>
    </ClCompile>
  </ItemGroup>
</Project>