<?xml version="1.0" encoding="utf-8"?>
<Project ToolsVersion="4.0" xmlns="http://schemas.microsoft.com/developer/msbuild/2003">
  <ItemGroup>
    <Filter Include="Source Files">
      <UniqueIdentifier>{4FC737F1-C7A5-4376-A066-2A32D752A2FF}</UniqueIdentifier>
      <Extensions>cpp;c;cc;cxx;c++;cppm;ixx;def;odl;idl;hpj;bat;asm;asmx</Extensions>
    </Filter>
    <Filter Include="Source Files\third-party">
      <UniqueIdentifier>{dbedae31-5699-42b6-b13a-838a43934967}</UniqueIdentifier>
    </Filter>
    <Filter Include="Source Files\third-party\tracy">
      <UniqueIdentifier>{7b8f133f-b64c-4aee-9646-e2f06cbda9d9}</UniqueIdentifier>
    </Filter>
  </ItemGroup>
  <ItemGroup>
    <ClCompile Include="..\sources\f-asm_nasm_db_to_code\main.cpp">
      <Filter>Source Files</Filter>
    </ClCompile>
    <ClCompile Include="..\third-party\tracy\public\TracyClient.cpp">
      <Filter>Source Files\third-party\tracy</Filter>
    </ClCompile>
  </ItemGroup>
</Project>