<?xml version="1.0" encoding="utf-8"?>
<Project ToolsVersion="4.0" xmlns="http://schemas.microsoft.com/developer/msbuild/2003">
  <ItemGroup>
    <Filter Include="Source Files">
      <UniqueIdentifier>{4FC737F1-C7A5-4376-A066-2A32D752A2FF}</UniqueIdentifier>
      <Extensions>cpp;c;cc;cxx;c++;cppm;ixx;def;odl;idl;hpj;bat;asm;asmx</Extensions>
    </Filter>
    <Filter Include="data">
      <UniqueIdentifier>{67DA6AB6-F800-4c08-8B7A-83BB121AAD01}</UniqueIdentifier>
      <Extensions>rc;ico;cur;bmp;dlg;rc2;rct;bin;rgs;gif;jpg;jpeg;jpe;resx;tiff;tif;png;wav;mfcribbon-ms</Extensions>
    </Filter>
    <Filter Include="data\operators">
      <UniqueIdentifier>{0d358ed7-a90a-45c1-9416-269c44bdf873}</UniqueIdentifier>
    </Filter>
    <Filter Include="Source Files\tests">
      <UniqueIdentifier>{d246fda1-63fd-47e8-b273-282cc60d6776}</UniqueIdentifier>
    </Filter>
    <Filter Include="Source Files\third-party">
      <UniqueIdentifier>{7079c120-9b1b-4ae3-aa0c-c630c39b87ad}</UniqueIdentifier>
    </Filter>
    <Filter Include="Source Files\third-party\tracy">
      <UniqueIdentifier>{58d7c188-4458-4ecb-ab85-7dabea57a3d0}</UniqueIdentifier>
    </Filter>
  </ItemGroup>
  <ItemGroup>
    <None Include="..\..\tests\operators\precedence.f">
      <Filter>data\operators</Filter>
    </None>
  </ItemGroup>
  <ItemGroup>
    <ClCompile Include="..\sources\tests\main.cpp">
      <Filter>Source Files\tests</Filter>
    </ClCompile>
    <ClCompile Include="..\third-party\tracy\public\TracyClient.cpp">
      <Filter>Source Files\third-party\tracy</Filter>
    </ClCompile>
  </ItemGroup>
  <ItemGroup>
    <ClInclude Include="..\sources\tests\main.hpp">
      <Filter>Source Files\tests</Filter>
    </ClInclude>
  </ItemGroup>
</Project>