<?xml version="1.0" encoding="utf-8"?>
<Project ToolsVersion="4.0" xmlns="http://schemas.microsoft.com/developer/msbuild/2003">
  <ItemGroup>
    <Filter Include="Source Files">
      <UniqueIdentifier>{4FC737F1-C7A5-4376-A066-2A32D752A2FF}</UniqueIdentifier>
      <Extensions>cpp;c;cc;cxx;def;odl;idl;hpj;bat;asm;asmx</Extensions>
    </Filter>
    <Filter Include="data">
      <UniqueIdentifier>{b0f337d0-8db1-485c-8ab7-6aa4165a18f8}</UniqueIdentifier>
    </Filter>
    <Filter Include="Source Files\third-party">
      <UniqueIdentifier>{a565b5d4-808c-4306-85c9-7d9c96bb2871}</UniqueIdentifier>
    </Filter>
    <Filter Include="Source Files\third-party\tracy">
      <UniqueIdentifier>{d165c925-9211-45ef-85e3-e34ceeac84bc}</UniqueIdentifier>
    </Filter>
    <Filter Include="data\compiler-f">
      <UniqueIdentifier>{7702a78a-f8c6-470c-b4a0-afd823626ebf}</UniqueIdentifier>
    </Filter>
    <Filter Include="data\dbg">
      <UniqueIdentifier>{4155668e-9103-49eb-9144-437c64d71e18}</UniqueIdentifier>
    </Filter>
    <Filter Include="data\editor">
      <UniqueIdentifier>{5500c4c3-c449-43ff-8d58-ea2a864e5541}</UniqueIdentifier>
    </Filter>
    <Filter Include="data\installer">
      <UniqueIdentifier>{52308086-3373-4e89-9312-877724827a2d}</UniqueIdentifier>
    </Filter>
  </ItemGroup>
  <ItemGroup>
    <ClCompile Include="..\sources\main.cpp">
      <Filter>Source Files</Filter>
    </ClCompile>
    <ClCompile Include="..\third-party\tracy\TracyClient.cpp">
      <Filter>Source Files\third-party\tracy</Filter>
    </ClCompile>
  </ItemGroup>
  <ItemGroup>
    <None Include="..\..\f-projects\compiler-f\f_language_definitions.f">
      <Filter>data\compiler-f</Filter>
    </None>
    <None Include="..\..\f-projects\compiler-f\main.f">
      <Filter>data\compiler-f</Filter>
    </None>
    <None Include="..\..\f-projects\editor\main.f">
      <Filter>data\editor</Filter>
    </None>
  </ItemGroup>
  <ItemGroup>
    <Text Include="..\..\f-projects\dbg\TODO.txt">
      <Filter>data\dbg</Filter>
    </Text>
    <Text Include="..\..\f-projects\editor\TODO.txt">
      <Filter>data\editor</Filter>
    </Text>
    <Text Include="..\..\f-projects\installer\TODO.txt">
      <Filter>data\installer</Filter>
    </Text>
  </ItemGroup>
</Project>