<?xml version="1.0" encoding="utf-8"?>
<Project ToolsVersion="4.0" xmlns="http://schemas.microsoft.com/developer/msbuild/2003">
  <ItemGroup>
    <Filter Include="Source Files">
      <UniqueIdentifier>{4FC737F1-C7A5-4376-A066-2A32D752A2FF}</UniqueIdentifier>
      <Extensions>cpp;c;cc;cxx;def;odl;idl;hpj;bat;asm;asmx</Extensions>
    </Filter>
    <Filter Include="Resource Files">
      <UniqueIdentifier>{67DA6AB6-F800-4c08-8B7A-83BB121AAD01}</UniqueIdentifier>
      <Extensions>rc;ico;cur;bmp;dlg;rc2;rct;bin;rgs;gif;jpg;jpeg;jpe;resx;tiff;tif;png;wav;mfcribbon-ms</Extensions>
    </Filter>
    <Filter Include="Source Files\third-party">
      <UniqueIdentifier>{7c856e97-e947-470f-892d-3c10f3176e1a}</UniqueIdentifier>
    </Filter>
  </ItemGroup>
  <ItemGroup>
    <ClCompile Include="..\sources\main.cpp">
      <Filter>Source Files</Filter>
    </ClCompile>
    <ClCompile Include="..\sources\utilities.cpp">
      <Filter>Source Files</Filter>
    </ClCompile>
    <ClCompile Include="..\sources\native_generator.cpp">
      <Filter>Source Files</Filter>
    </ClCompile>
    <ClCompile Include="..\sources\f_tokenizer.cpp">
      <Filter>Source Files</Filter>
    </ClCompile>
    <ClCompile Include="..\sources\f_parser.cpp">
      <Filter>Source Files</Filter>
    </ClCompile>
  </ItemGroup>
  <ItemGroup>
    <ClInclude Include="..\sources\utilities.hpp">
      <Filter>Source Files</Filter>
    </ClInclude>
    <ClInclude Include="..\sources\native_generator.hpp">
      <Filter>Source Files</Filter>
    </ClInclude>
    <ClInclude Include="..\sources\third-party\microsoft_craziness.h">
      <Filter>Source Files\third-party</Filter>
    </ClInclude>
    <ClInclude Include="..\sources\f_language_definitions.hpp">
      <Filter>Source Files</Filter>
    </ClInclude>
    <ClInclude Include="..\sources\f_tokenizer.hpp">
      <Filter>Source Files</Filter>
    </ClInclude>
    <ClInclude Include="..\sources\f_parser.hpp">
      <Filter>Source Files</Filter>
    </ClInclude>
  </ItemGroup>
</Project>